
Microsoft Visual Studio Solution File, Format Version 12.00
# Visual Studio Version 16
VisualStudioVersion = 16.0.33927.289
MinimumVisualStudioVersion = 10.0.40219.1
Project("{FAE04EC0-301F-11D3-BF4B-00C04F79EFBC}") = "Method_overloading", "Method_overloading\Method_overloading.csproj", "{4BE7CFF0-0EC8-4CB2-93B0-B491AE4CA11A}"
EndProject
Project("{FAE04EC0-301F-11D3-BF4B-00C04F79EFBC}") = "Methhod_Overriding", "Methhod_Overriding\Methhod_Overriding.csproj", "{62B43AD2-F936-4232-8512-81D717CB6E09}"
EndProject
Project("{FAE04EC0-301F-11D3-BF4B-00C04F79EFBC}") = "Constructor", "Constructor\Constructor.csproj", "{369EC439-64BA-47E0-8F4D-B36182FFFE98}"
EndProject
Project("{FAE04EC0-301F-11D3-BF4B-00C04F79EFBC}") = "Constructor_Overloading", "Constructor_Overloading\Constructor_Overloading.csproj", "{1A6D5258-9933-476C-BEFC-6BC61D911758}"
EndProject
Project("{FAE04EC0-301F-11D3-BF4B-00C04F79EFBC}") = "Encapsulation", "Encapsulation\Encapsulation.csproj", "{04A1A539-5B94-4C5E-B99E-A6F6F77488F9}"
EndProject
Project("{FAE04EC0-301F-11D3-BF4B-00C04F79EFBC}") = "Array", "Array\Array.csproj", "{F121E435-6905-460F-9E91-A5943812E1A1}"
EndProject
Global
	GlobalSection(SolutionConfigurationPlatforms) = preSolution
		Debug|Any CPU = Debug|Any CPU
		Release|Any CPU = Release|Any CPU
	EndGlobalSection
	GlobalSection(ProjectConfigurationPlatforms) = postSolution
		{4BE7CFF0-0EC8-4CB2-93B0-B491AE4CA11A}.Debug|Any CPU.ActiveCfg = Debug|Any CPU
		{4BE7CFF0-0EC8-4CB2-93B0-B491AE4CA11A}.Debug|Any CPU.Build.0 = Debug|Any CPU
		{4BE7CFF0-0EC8-4CB2-93B0-B491AE4CA11A}.Release|Any CPU.ActiveCfg = Release|Any CPU
		{4BE7CFF0-0EC8-4CB2-93B0-B491AE4CA11A}.Release|Any CPU.Build.0 = Release|Any CPU
		{62B43AD2-F936-4232-8512-81D717CB6E09}.Debug|Any CPU.ActiveCfg = Debug|Any CPU
		{62B43AD2-F936-4232-8512-81D717CB6E09}.Debug|Any CPU.Build.0 = Debug|Any CPU
		{62B43AD2-F936-4232-8512-81D717CB6E09}.Release|Any CPU.ActiveCfg = Release|Any CPU
		{62B43AD2-F936-4232-8512-81D717CB6E09}.Release|Any CPU.Build.0 = Release|Any CPU
		{369EC439-64BA-47E0-8F4D-B36182FFFE98}.Debug|Any CPU.ActiveCfg = Debug|Any CPU
		{369EC439-64BA-47E0-8F4D-B36182FFFE98}.Debug|Any CPU.Build.0 = Debug|Any CPU
		{369EC439-64BA-47E0-8F4D-B36182FFFE98}.Release|Any CPU.ActiveCfg = Release|Any CPU
		{369EC439-64BA-47E0-8F4D-B36182FFFE98}.Release|Any CPU.Build.0 = Release|Any CPU
		{1A6D5258-9933-476C-BEFC-6BC61D911758}.Debug|Any CPU.ActiveCfg = Debug|Any CPU
		{1A6D5258-9933-476C-BEFC-6BC61D911758}.Debug|Any CPU.Build.0 = Debug|Any CPU
		{1A6D5258-9933-476C-BEFC-6BC61D911758}.Release|Any CPU.ActiveCfg = Release|Any CPU
		{1A6D5258-9933-476C-BEFC-6BC61D911758}.Release|Any CPU.Build.0 = Release|Any CPU
		{04A1A539-5B94-4C5E-B99E-A6F6F77488F9}.Debug|Any CPU.ActiveCfg = Debug|Any CPU
		{04A1A539-5B94-4C5E-B99E-A6F6F77488F9}.Debug|Any CPU.Build.0 = Debug|Any CPU
		{04A1A539-5B94-4C5E-B99E-A6F6F77488F9}.Release|Any CPU.ActiveCfg = Release|Any CPU
		{04A1A539-5B94-4C5E-B99E-A6F6F77488F9}.Release|Any CPU.Build.0 = Release|Any CPU
		{F121E435-6905-460F-9E91-A5943812E1A1}.Debug|Any CPU.ActiveCfg = Debug|Any CPU
		{F121E435-6905-460F-9E91-A5943812E1A1}.Debug|Any CPU.Build.0 = Debug|Any CPU
		{F121E435-6905-460F-9E91-A5943812E1A1}.Release|Any CPU.ActiveCfg = Release|Any CPU
		{F121E435-6905-460F-9E91-A5943812E1A1}.Release|Any CPU.Build.0 = Release|Any CPU
	EndGlobalSection
	GlobalSection(SolutionProperties) = preSolution
		HideSolutionNode = FALSE
	EndGlobalSection
	GlobalSection(ExtensibilityGlobals) = postSolution
		SolutionGuid = {25B7F5A0-2672-4D66-B4D1-E6218898B1EB}
	EndGlobalSection
EndGlobal
